
Microsoft Visual Studio Solution File, Format Version 12.00
# Visual Studio Version 17
VisualStudioVersion = 17.10.35013.160
MinimumVisualStudioVersion = 10.0.40219.1
Project("{FAE04EC0-301F-11D3-BF4B-00C04F79EFBC}") = "Game", "game\Game.csproj", "{5011D91F-61CC-41A8-9DFC-CD2083916259}"
EndProject
Project("{FAE04EC0-301F-11D3-BF4B-00C04F79EFBC}") = "Game.Domain", "Game.Entity\Game.Domain.csproj", "{B61CEC8D-B473-451E-8425-015FDC8890D0}"
EndProject
Project("{FAE04EC0-301F-11D3-BF4B-00C04F79EFBC}") = "Game.Application", "Game.Application\Game.Application.csproj", "{2B218685-9CDB-4714-B865-78AD5C259376}"
EndProject
Global
	GlobalSection(SolutionConfigurationPlatforms) = preSolution
		Debug|Any CPU = Debug|Any CPU
		Release|Any CPU = Release|Any CPU
	EndGlobalSection
	GlobalSection(ProjectConfigurationPlatforms) = postSolution
		{5011D91F-61CC-41A8-9DFC-CD2083916259}.Debug|Any CPU.ActiveCfg = Debug|Any CPU
		{5011D91F-61CC-41A8-9DFC-CD2083916259}.Debug|Any CPU.Build.0 = Debug|Any CPU
		{5011D91F-61CC-41A8-9DFC-CD2083916259}.Release|Any CPU.ActiveCfg = Release|Any CPU
		{5011D91F-61CC-41A8-9DFC-CD2083916259}.Release|Any CPU.Build.0 = Release|Any CPU
		{B61CEC8D-B473-451E-8425-015FDC8890D0}.Debug|Any CPU.ActiveCfg = Debug|Any CPU
		{B61CEC8D-B473-451E-8425-015FDC8890D0}.Debug|Any CPU.Build.0 = Debug|Any CPU
		{B61CEC8D-B473-451E-8425-015FDC8890D0}.Release|Any CPU.ActiveCfg = Release|Any CPU
		{B61CEC8D-B473-451E-8425-015FDC8890D0}.Release|Any CPU.Build.0 = Release|Any CPU
		{2B218685-9CDB-4714-B865-78AD5C259376}.Debug|Any CPU.ActiveCfg = Debug|Any CPU
		{2B218685-9CDB-4714-B865-78AD5C259376}.Debug|Any CPU.Build.0 = Debug|Any CPU
		{2B218685-9CDB-4714-B865-78AD5C259376}.Release|Any CPU.ActiveCfg = Release|Any CPU
		{2B218685-9CDB-4714-B865-78AD5C259376}.Release|Any CPU.Build.0 = Release|Any CPU
	EndGlobalSection
	GlobalSection(SolutionProperties) = preSolution
		HideSolutionNode = FALSE
	EndGlobalSection
	GlobalSection(ExtensibilityGlobals) = postSolution
		SolutionGuid = {0B610C25-CCA6-4A9C-AA25-9F5417B8230A}
	EndGlobalSection
EndGlobal
